<?xml version="1.0" encoding="utf-8"?>
<Project ToolsVersion="4.0" xmlns="http://schemas.microsoft.com/developer/msbuild/2003">
  <ItemGroup>
    <Filter Include="Source Files">
      <UniqueIdentifier>{4FC737F1-C7A5-4376-A066-2A32D752A2FF}</UniqueIdentifier>
      <Extensions>cpp;c;cc;cxx;c++;cppm;ixx;def;odl;idl;hpj;bat;asm;asmx</Extensions>
    </Filter>
    <Filter Include="Header Files">
      <UniqueIdentifier>{93995380-89BD-4b04-88EB-625FBE52EBFB}</UniqueIdentifier>
      <Extensions>h;hh;hpp;hxx;h++;hm;inl;inc;ipp;xsd</Extensions>
    </Filter>
    <Filter Include="Resource Files">
      <UniqueIdentifier>{67DA6AB6-F800-4c08-8B7A-83BB121AAD01}</UniqueIdentifier>
      <Extensions>rc;ico;cur;bmp;dlg;rc2;rct;bin;rgs;gif;jpg;jpeg;jpe;resx;tiff;tif;png;wav;mfcribbon-ms</Extensions>
    </Filter>
  </ItemGroup>
  <ItemGroup>
    <ClCompile Include="Graphics\Resources\Buffers\Buffers.cpp">
      <Filter>Source Files</Filter>
    </ClCompile>
    <ClCompile Include="Graphics\Resources\Drawable.cpp">
      <Filter>Source Files</Filter>
    </ClCompile>
    <ClCompile Include="Graphics\Resources\PipeLineState.cpp">
      <Filter>Source Files</Filter>
    </ClCompile>
    <ClCompile Include="Graphics\Resources\ResourceManager.cpp">
      <Filter>Source Files</Filter>
    </ClCompile>
    <ClCompile Include="Graphics\Resources\RootSignature.cpp">
      <Filter>Source Files</Filter>
    </ClCompile>
    <ClCompile Include="Graphics\Resources\VertexLayout.cpp">
      <Filter>Source Files</Filter>
    </ClCompile>
    <ClCompile Include="Graphics\Graphics.cpp">
      <Filter>Source Files</Filter>
    </ClCompile>
    <ClCompile Include="Graphics\GraphicsException.cpp">
      <Filter>Source Files</Filter>
    </ClCompile>
    <ClCompile Include="Window\Window.cpp">
      <Filter>Source Files</Filter>
    </ClCompile>
    <ClCompile Include="Window\Timer.cpp">
      <Filter>Source Files</Filter>
    </ClCompile>
    <ClCompile Include="input\Keyboard.cpp">
      <Filter>Source Files</Filter>
    </ClCompile>
    <ClCompile Include="input\Mouse.cpp">
      <Filter>Source Files</Filter>
    </ClCompile>
    <ClCompile Include="Graphics\Resources\Heap.cpp">
      <Filter>Source Files</Filter>
    </ClCompile>
    <ClCompile Include="Graphics\Resources\Buffers\Textures.cpp">
      <Filter>Source Files</Filter>
    </ClCompile>
    <ClCompile Include="Graphics\Resources\Buffers\Samplers.cpp">
      <Filter>Source Files</Filter>
    </ClCompile>
    <ClCompile Include="Graphics\FrameCommander.cpp">
      <Filter>Source Files</Filter>
    </ClCompile>
    <ClCompile Include="Models\Cube.cpp">
      <Filter>Source Files</Filter>
    </ClCompile>
    <ClCompile Include="Graphics\Resources\DrawableArray.cpp">
      <Filter>Source Files</Filter>
    </ClCompile>
    <ClCompile Include="Graphics\Resources\UI_Element.cpp">
      <Filter>Source Files</Filter>
    </ClCompile>
    <ClCompile Include="Models\Rectangle.cpp">
      <Filter>Source Files</Filter>
    </ClCompile>
    <ClCompile Include="input\Camera.cpp">
      <Filter>Source Files</Filter>
    </ClCompile>
    <ClCompile Include="Events\KeyboardEvents.cpp">
      <Filter>Source Files</Filter>
    </ClCompile>
    <ClCompile Include="Events\MouseEvents.cpp">
      <Filter>Source Files</Filter>
    </ClCompile>
    <ClCompile Include="Events\EventListener.cpp">
      <Filter>Source Files</Filter>
    </ClCompile>
    <ClCompile Include="Events\ScriptManager.cpp">
      <Filter>Source Files</Filter>
    </ClCompile>
    <ClCompile Include="Models\Model.cpp">
      <Filter>Source Files</Filter>
    </ClCompile>
    <ClCompile Include="Models\Mesh.cpp">
      <Filter>Source Files</Filter>
    </ClCompile>
  </ItemGroup>
  <ItemGroup>
    <ClInclude Include="Headers\Graphics\Resources\Buffers\Buffers.h">
      <Filter>Header Files</Filter>
    </ClInclude>
    <ClInclude Include="Headers\Graphics\Resources\Bindable.h">
      <Filter>Header Files</Filter>
    </ClInclude>
    <ClInclude Include="Headers\Graphics\Resources\BindablesHeader.h">
      <Filter>Header Files</Filter>
    </ClInclude>
    <ClInclude Include="Headers\Graphics\Resources\Drawable.h">
      <Filter>Header Files</Filter>
    </ClInclude>
    <ClInclude Include="Headers\Graphics\Resources\PipeLineState.h">
      <Filter>Header Files</Filter>
    </ClInclude>
    <ClInclude Include="Headers\Graphics\Resources\RootSignature.h">
      <Filter>Header Files</Filter>
    </ClInclude>
    <ClInclude Include="Headers\Graphics\Resources\VertexLayout.h">
      <Filter>Header Files</Filter>
    </ClInclude>
    <ClInclude Include="Headers\Graphics\d3dx12.h">
      <Filter>Header Files</Filter>
    </ClInclude>
    <ClInclude Include="Headers\Graphics\Error_Check.h">
      <Filter>Header Files</Filter>
    </ClInclude>
    <ClInclude Include="Headers\Graphics.h">
      <Filter>Header Files</Filter>
    </ClInclude>
    <ClInclude Include="Headers\Header.h">
      <Filter>Header Files</Filter>
    </ClInclude>
    <ClInclude Include="Headers\ResourceManager.h">
      <Filter>Header Files</Filter>
    </ClInclude>
    <ClInclude Include="Headers\Utility.h">
      <Filter>Header Files</Filter>
    </ClInclude>
    <ClInclude Include="Headers\Window.h">
      <Filter>Header Files</Filter>
    </ClInclude>
    <ClInclude Include="Headers\Graphics\GraphicsException.h">
      <Filter>Header Files</Filter>
    </ClInclude>
    <ClInclude Include="Headers\Timer.h">
      <Filter>Header Files</Filter>
    </ClInclude>
    <ClInclude Include="Headers\DirectXTex.h">
      <Filter>Header Files</Filter>
    </ClInclude>
    <ClInclude Include="Headers\MessageHandler.h">
      <Filter>Header Files</Filter>
    </ClInclude>
    <ClInclude Include="Headers\Input\Keyboard.h">
      <Filter>Header Files</Filter>
    </ClInclude>
    <ClInclude Include="Headers\Input\Mouse.h">
      <Filter>Header Files</Filter>
    </ClInclude>
    <ClInclude Include="Headers\Graphics\Resources\Heap.h">
      <Filter>Header Files</Filter>
    </ClInclude>
    <ClInclude Include="Headers\Graphics\Resources\Buffers\Textures.h">
      <Filter>Header Files</Filter>
    </ClInclude>
    <ClInclude Include="Headers\Graphics\Resources\Buffers\Samplers.h">
      <Filter>Header Files</Filter>
    </ClInclude>
    <ClInclude Include="Headers\FrameCommander.h">
      <Filter>Header Files</Filter>
    </ClInclude>
    <ClInclude Include="Models\Cube.h">
      <Filter>Header Files</Filter>
    </ClInclude>
    <ClInclude Include="Headers\Graphics\Resources\DrawableArray.h">
      <Filter>Header Files</Filter>
    </ClInclude>
    <ClInclude Include="Headers\Input\Camera.h">
      <Filter>Header Files</Filter>
    </ClInclude>
    <ClInclude Include="Headers\Graphics\Resources\UI_Element.h">
      <Filter>Header Files</Filter>
    </ClInclude>
    <ClInclude Include="Models\Rectangle.h">
      <Filter>Header Files</Filter>
    </ClInclude>
    <ClInclude Include="Headers\MathUtilities.h">
      <Filter>Header Files</Filter>
    </ClInclude>
    <ClInclude Include="Headers\Events\MouseEvents.h">
      <Filter>Header Files</Filter>
    </ClInclude>
    <ClInclude Include="Headers\Events\KeyboardEvents.h">
      <Filter>Header Files</Filter>
    </ClInclude>
    <ClInclude Include="Headers\Events\EventListener.h">
      <Filter>Header Files</Filter>
    </ClInclude>
    <ClInclude Include="Headers\Events\ScriptManager.h">
      <Filter>Header Files</Filter>
    </ClInclude>
    <ClInclude Include="Headers\Model.h">
      <Filter>Header Files</Filter>
    </ClInclude>
    <ClInclude Include="Headers\Mesh.h">
      <Filter>Header Files</Filter>
    </ClInclude>
  </ItemGroup>
  <ItemGroup>
    <FxCompile Include="Shaders\PixelShader.hlsl" />
    <FxCompile Include="Shaders\VertexShader.hlsl" />
    <FxCompile Include="Shaders\UI_VertexShader.hlsl" />
    <FxCompile Include="Shaders\UI_PixelShader.hlsl" />
    <FxCompile Include="Shaders\PixelShaderDif.hlsl" />
    <FxCompile Include="Shaders\VertexShaderDif.hlsl" />
  </ItemGroup>
  <ItemGroup>
    <Library Include="DirectXTex.lib" />
    <Library Include="Assimp\bin\x64\assimp-vc140-mt.lib" />
  </ItemGroup>
  <ItemGroup>
    <None Include="DirectXTex.dll" />
    <None Include="assimp-vc140-mt.dll" />
  </ItemGroup>
</Project>